# This file is automatically @generated by Poetry 1.8.3 and should not be changed by hand.

[[package]]
name = "netmiko"
version = "4.4.0"
description = "Multi-vendor library to simplify legacy CLI connections to network devices"
optional = false
python-versions = "*"
files = []

[[package]]
name = "pydantic"
version = "2.7.4"
description = "Data validation using Python type hints"
optional = false
python-versions = "*"
files = []

[[package]]
name = "requests"
version = "2.32.3"
description = "Python HTTP for Humans."
optional = false
python-versions = "*"
files = []

[metadata]
lock-version = "2.0"
python-versions = "^3.11"
content-hash = "56315525046f70c46bccc35ab063212c6681bbdecc8f03ccfd66652495e972ff"
